
Microsoft Visual Studio Solution File, Format Version 12.00
# Visual Studio 2012
Project("{FAE04EC0-301F-11D3-BF4B-00C04F79EFBC}") = "Hangfire.Core", "src\Hangfire.Core\Hangfire.Core.csproj", "{C995EA9E-56EE-4951-8260-D94260A7F4C2}"
EndProject
Project("{FAE04EC0-301F-11D3-BF4B-00C04F79EFBC}") = "Hangfire.SqlServer", "src\Hangfire.SqlServer\Hangfire.SqlServer.csproj", "{A523C0E3-097D-4869-977F-15A717EA3E83}"
EndProject
Project("{FAE04EC0-301F-11D3-BF4B-00C04F79EFBC}") = "Hangfire.SqlServer.Msmq", "src\Hangfire.SqlServer.Msmq\Hangfire.SqlServer.Msmq.csproj", "{762BE479-0AEC-47E0-8F9C-34FA54641749}"
EndProject
Project("{2150E333-8FDC-42A3-9474-1A3956D46DE8}") = "tests", "tests", "{9FC4F973-0AA1-4E6E-AF9A-561629BE50EC}"
EndProject
Project("{FAE04EC0-301F-11D3-BF4B-00C04F79EFBC}") = "Hangfire.Core.Tests", "tests\Hangfire.Core.Tests\Hangfire.Core.Tests.csproj", "{E13C3543-39A3-475C-BB43-2E311E634843}"
EndProject
Global
	GlobalSection(SolutionConfigurationPlatforms) = preSolution
		Debug|Any CPU = Debug|Any CPU
		Release|Any CPU = Release|Any CPU
	EndGlobalSection
	GlobalSection(ProjectConfigurationPlatforms) = postSolution
		{C995EA9E-56EE-4951-8260-D94260A7F4C2}.Debug|Any CPU.ActiveCfg = Debug|Any CPU
		{C995EA9E-56EE-4951-8260-D94260A7F4C2}.Debug|Any CPU.Build.0 = Debug|Any CPU
		{C995EA9E-56EE-4951-8260-D94260A7F4C2}.Release|Any CPU.ActiveCfg = Release|Any CPU
		{C995EA9E-56EE-4951-8260-D94260A7F4C2}.Release|Any CPU.Build.0 = Release|Any CPU
		{A523C0E3-097D-4869-977F-15A717EA3E83}.Debug|Any CPU.ActiveCfg = Debug|Any CPU
		{A523C0E3-097D-4869-977F-15A717EA3E83}.Debug|Any CPU.Build.0 = Debug|Any CPU
		{A523C0E3-097D-4869-977F-15A717EA3E83}.Release|Any CPU.ActiveCfg = Release|Any CPU
		{A523C0E3-097D-4869-977F-15A717EA3E83}.Release|Any CPU.Build.0 = Release|Any CPU
		{762BE479-0AEC-47E0-8F9C-34FA54641749}.Debug|Any CPU.ActiveCfg = Debug|Any CPU
		{762BE479-0AEC-47E0-8F9C-34FA54641749}.Debug|Any CPU.Build.0 = Debug|Any CPU
		{762BE479-0AEC-47E0-8F9C-34FA54641749}.Release|Any CPU.ActiveCfg = Release|Any CPU
		{762BE479-0AEC-47E0-8F9C-34FA54641749}.Release|Any CPU.Build.0 = Release|Any CPU
		{E13C3543-39A3-475C-BB43-2E311E634843}.Debug|Any CPU.ActiveCfg = Debug|Any CPU
		{E13C3543-39A3-475C-BB43-2E311E634843}.Debug|Any CPU.Build.0 = Debug|Any CPU
		{E13C3543-39A3-475C-BB43-2E311E634843}.Release|Any CPU.ActiveCfg = Release|Any CPU
		{E13C3543-39A3-475C-BB43-2E311E634843}.Release|Any CPU.Build.0 = Release|Any CPU
	EndGlobalSection
	GlobalSection(SolutionProperties) = preSolution
		HideSolutionNode = FALSE
	EndGlobalSection
	GlobalSection(NestedProjects) = preSolution
		{E13C3543-39A3-475C-BB43-2E311E634843} = {9FC4F973-0AA1-4E6E-AF9A-561629BE50EC}
	EndGlobalSection
	GlobalSection(MonoDevelopProperties) = preSolution
		StartupItem = src\Hangfire.Core\Hangfire.Core.csproj
	EndGlobalSection
EndGlobal
