
Microsoft Visual Studio Solution File, Format Version 12.00
# Visual Studio 2012
Project("{FAE04EC0-301F-11D3-BF4B-00C04F79EFBC}") = "HangFire.Hosts.Console", "HangFire.Hosts.Console\HangFire.Hosts.Console.csproj", "{C02BB718-2AE4-434C-8668-C894FF663FCE}"
EndProject
Project("{FAE04EC0-301F-11D3-BF4B-00C04F79EFBC}") = "HangFire", "HangFire\HangFire.csproj", "{C995EA9E-56EE-4951-8260-D94260A7F4C2}"
EndProject
Global
	GlobalSection(SolutionConfigurationPlatforms) = preSolution
		Debug|Any CPU = Debug|Any CPU
		Release|Any CPU = Release|Any CPU
	EndGlobalSection
	GlobalSection(ProjectConfigurationPlatforms) = postSolution
		{C02BB718-2AE4-434C-8668-C894FF663FCE}.Debug|Any CPU.ActiveCfg = Debug|Any CPU
		{C02BB718-2AE4-434C-8668-C894FF663FCE}.Debug|Any CPU.Build.0 = Debug|Any CPU
		{C02BB718-2AE4-434C-8668-C894FF663FCE}.Release|Any CPU.ActiveCfg = Release|Any CPU
		{C02BB718-2AE4-434C-8668-C894FF663FCE}.Release|Any CPU.Build.0 = Release|Any CPU
		{C995EA9E-56EE-4951-8260-D94260A7F4C2}.Debug|Any CPU.ActiveCfg = Debug|Any CPU
		{C995EA9E-56EE-4951-8260-D94260A7F4C2}.Debug|Any CPU.Build.0 = Debug|Any CPU
		{C995EA9E-56EE-4951-8260-D94260A7F4C2}.Release|Any CPU.ActiveCfg = Release|Any CPU
		{C995EA9E-56EE-4951-8260-D94260A7F4C2}.Release|Any CPU.Build.0 = Release|Any CPU
	EndGlobalSection
	GlobalSection(SolutionProperties) = preSolution
		HideSolutionNode = FALSE
	EndGlobalSection
EndGlobal
