
Microsoft Visual Studio Solution File, Format Version 12.00
# Visual Studio 2012
Project("{FAE04EC0-301F-11D3-BF4B-00C04F79EFBC}") = "HangFire.Core", "src\HangFire.Core\HangFire.Core.csproj", "{C995EA9E-56EE-4951-8260-D94260A7F4C2}"
EndProject
Project("{FAE04EC0-301F-11D3-BF4B-00C04F79EFBC}") = "HangFire.Core.Tests", "tests\HangFire.Core.Tests\HangFire.Core.Tests.csproj", "{E13C3543-39A3-475C-BB43-2E311E634843}"
EndProject
Global
	GlobalSection(SolutionConfigurationPlatforms) = preSolution
		Debug|Any CPU = Debug|Any CPU
		Release|Any CPU = Release|Any CPU
	EndGlobalSection
	GlobalSection(ProjectConfigurationPlatforms) = postSolution
		{C995EA9E-56EE-4951-8260-D94260A7F4C2}.Debug|Any CPU.ActiveCfg = Debug|Any CPU
		{C995EA9E-56EE-4951-8260-D94260A7F4C2}.Debug|Any CPU.Build.0 = Debug|Any CPU
		{C995EA9E-56EE-4951-8260-D94260A7F4C2}.Release|Any CPU.ActiveCfg = Release|Any CPU
		{C995EA9E-56EE-4951-8260-D94260A7F4C2}.Release|Any CPU.Build.0 = Release|Any CPU
		{E13C3543-39A3-475C-BB43-2E311E634843}.Debug|Any CPU.ActiveCfg = Debug|Any CPU
		{E13C3543-39A3-475C-BB43-2E311E634843}.Debug|Any CPU.Build.0 = Debug|Any CPU
		{E13C3543-39A3-475C-BB43-2E311E634843}.Release|Any CPU.ActiveCfg = Release|Any CPU
		{E13C3543-39A3-475C-BB43-2E311E634843}.Release|Any CPU.Build.0 = Release|Any CPU
	EndGlobalSection
	GlobalSection(MonoDevelopProperties) = preSolution
		StartupItem = src\HangFire.Core\HangFire.Core.csproj
	EndGlobalSection
EndGlobal
