
Microsoft Visual Studio Solution File, Format Version 12.00
# Visual Studio Version 16
VisualStudioVersion = 16.0.31205.134
MinimumVisualStudioVersion = 10.0.40219.1
Project("{9A19103F-16F7-4668-BE54-9A1E7A4F7556}") = "Hangfire.Core", "src\Hangfire.Core\Hangfire.Core.csproj", "{C995EA9E-56EE-4951-8260-D94260A7F4C2}"
EndProject
Project("{9A19103F-16F7-4668-BE54-9A1E7A4F7556}") = "Hangfire.SqlServer", "src\Hangfire.SqlServer\Hangfire.SqlServer.csproj", "{A523C0E3-097D-4869-977F-15A717EA3E83}"
EndProject
Project("{9A19103F-16F7-4668-BE54-9A1E7A4F7556}") = "Hangfire.AspNetCore", "src\Hangfire.AspNetCore\Hangfire.AspNetCore.csproj", "{73AFEBE0-9B11-44F6-A69C-8A51538CF18E}"
EndProject
Project("{9A19103F-16F7-4668-BE54-9A1E7A4F7556}") = "Hangfire.NetCore", "src\Hangfire.NetCore\Hangfire.NetCore.csproj", "{AA8E3A67-8731-423A-9B69-EE44EC6B8E1A}"
EndProject
Project("{FAE04EC0-301F-11D3-BF4B-00C04F79EFBC}") = "HangFire.Web", "HangFire.Web\HangFire.Web.csproj", "{2377610F-65BA-4B79-94BB-DE68E0ECF515}"
EndProject
Global
	GlobalSection(SolutionConfigurationPlatforms) = preSolution
		Debug|Any CPU = Debug|Any CPU
		Release|Any CPU = Release|Any CPU
	EndGlobalSection
	GlobalSection(ProjectConfigurationPlatforms) = postSolution
		{C995EA9E-56EE-4951-8260-D94260A7F4C2}.Debug|Any CPU.ActiveCfg = Debug|Any CPU
		{C995EA9E-56EE-4951-8260-D94260A7F4C2}.Debug|Any CPU.Build.0 = Debug|Any CPU
		{C995EA9E-56EE-4951-8260-D94260A7F4C2}.Release|Any CPU.ActiveCfg = Release|Any CPU
		{C995EA9E-56EE-4951-8260-D94260A7F4C2}.Release|Any CPU.Build.0 = Release|Any CPU
		{A523C0E3-097D-4869-977F-15A717EA3E83}.Debug|Any CPU.ActiveCfg = Debug|Any CPU
		{A523C0E3-097D-4869-977F-15A717EA3E83}.Debug|Any CPU.Build.0 = Debug|Any CPU
		{A523C0E3-097D-4869-977F-15A717EA3E83}.Release|Any CPU.ActiveCfg = Release|Any CPU
		{A523C0E3-097D-4869-977F-15A717EA3E83}.Release|Any CPU.Build.0 = Release|Any CPU
		{73AFEBE0-9B11-44F6-A69C-8A51538CF18E}.Debug|Any CPU.ActiveCfg = Debug|Any CPU
		{73AFEBE0-9B11-44F6-A69C-8A51538CF18E}.Debug|Any CPU.Build.0 = Debug|Any CPU
		{73AFEBE0-9B11-44F6-A69C-8A51538CF18E}.Release|Any CPU.ActiveCfg = Release|Any CPU
		{73AFEBE0-9B11-44F6-A69C-8A51538CF18E}.Release|Any CPU.Build.0 = Release|Any CPU
		{AA8E3A67-8731-423A-9B69-EE44EC6B8E1A}.Debug|Any CPU.ActiveCfg = Debug|Any CPU
		{AA8E3A67-8731-423A-9B69-EE44EC6B8E1A}.Debug|Any CPU.Build.0 = Debug|Any CPU
		{AA8E3A67-8731-423A-9B69-EE44EC6B8E1A}.Release|Any CPU.ActiveCfg = Release|Any CPU
		{AA8E3A67-8731-423A-9B69-EE44EC6B8E1A}.Release|Any CPU.Build.0 = Release|Any CPU
		{2377610F-65BA-4B79-94BB-DE68E0ECF515}.Debug|Any CPU.ActiveCfg = Debug|Any CPU
		{2377610F-65BA-4B79-94BB-DE68E0ECF515}.Debug|Any CPU.Build.0 = Debug|Any CPU
		{2377610F-65BA-4B79-94BB-DE68E0ECF515}.Release|Any CPU.ActiveCfg = Release|Any CPU
		{2377610F-65BA-4B79-94BB-DE68E0ECF515}.Release|Any CPU.Build.0 = Release|Any CPU
	EndGlobalSection
	GlobalSection(SolutionProperties) = preSolution
		HideSolutionNode = FALSE
	EndGlobalSection
	GlobalSection(ExtensibilityGlobals) = postSolution
		SolutionGuid = {7597454C-C272-4016-87A2-CF1196347355}
	EndGlobalSection
EndGlobal
