
Microsoft Visual Studio Solution File, Format Version 12.00
# Visual Studio 2012
Project("{FAE04EC0-301F-11D3-BF4B-00C04F79EFBC}") = "ConsoleSample", "samples\ConsoleSample\ConsoleSample.csproj", "{C02BB718-2AE4-434C-8668-C894FF663FCE}"
EndProject
Project("{FAE04EC0-301F-11D3-BF4B-00C04F79EFBC}") = "HangFire.Core", "src\HangFire.Core\HangFire.Core.csproj", "{C995EA9E-56EE-4951-8260-D94260A7F4C2}"
EndProject
Project("{FAE04EC0-301F-11D3-BF4B-00C04F79EFBC}") = "HangFire.Web", "src\HangFire.Web\HangFire.Web.csproj", "{BC4AB33F-67C8-41B1-BB1A-CD62F44587AA}"
EndProject
Project("{FAE04EC0-301F-11D3-BF4B-00C04F79EFBC}") = "MvcSample", "samples\MvcSample\MvcSample.csproj", "{FE5EAE49-2627-42B6-8C2B-EBE4D45B4D97}"
EndProject
Project("{2150E333-8FDC-42A3-9474-1A3956D46DE8}") = ".nuget", ".nuget", "{5D10161C-05D9-4976-8D45-A0379E4D07BF}"
	ProjectSection(SolutionItems) = preProject
		.nuget\NuGet.Config = .nuget\NuGet.Config
		.nuget\NuGet.exe = .nuget\NuGet.exe
		.nuget\NuGet.targets = .nuget\NuGet.targets
	EndProjectSection
EndProject
Project("{FAE04EC0-301F-11D3-BF4B-00C04F79EFBC}") = "HangFire.Tests", "tests\HangFire.Tests\HangFire.Tests.csproj", "{EA0966B1-F2C9-4C65-834D-962FD78268F7}"
EndProject
Project("{2150E333-8FDC-42A3-9474-1A3956D46DE8}") = "samples", "samples", "{119DA7FA-B94C-4B63-AEC9-428EF834E0D8}"
EndProject
Project("{FAE04EC0-301F-11D3-BF4B-00C04F79EFBC}") = "HangFire.Redis", "src\HangFire.Redis\HangFire.Redis.csproj", "{8F46F57B-3247-4AA7-B330-57AC088547EB}"
EndProject
Project("{FAE04EC0-301F-11D3-BF4B-00C04F79EFBC}") = "HangFire.SqlServer", "src\HangFire.SqlServer\HangFire.SqlServer.csproj", "{A523C0E3-097D-4869-977F-15A717EA3E83}"
EndProject
Project("{2150E333-8FDC-42A3-9474-1A3956D46DE8}") = "tests", "tests", "{766BE831-F758-46BC-AFD3-BBEEFE0F686F}"
EndProject
Project("{2150E333-8FDC-42A3-9474-1A3956D46DE8}") = "build", "build", "{15E186DF-8918-44F1-9285-9756EDAECA5D}"
	ProjectSection(SolutionItems) = preProject
		appveyor.yml = appveyor.yml
		build\Build.proj = build\Build.proj
		build\Build.tasks = build\Build.tasks
		build\HangFire.Projects.Properties.proj = build\HangFire.Projects.Properties.proj
		src\Common\HangFire.ruleset = src\Common\HangFire.ruleset
		src\Common\HangFire.targets = src\Common\HangFire.targets
		build\HangFire.versions.targets = build\HangFire.versions.targets
		src\Common\SharedAssemblyInfo.cs = src\Common\SharedAssemblyInfo.cs
	EndProjectSection
EndProject
Project("{2150E333-8FDC-42A3-9474-1A3956D46DE8}") = "nuspecs", "nuspecs", "{5E687025-A525-4534-8869-CB685C7B11C4}"
	ProjectSection(SolutionItems) = preProject
		nuspecs\HangFire.Core.nuspec = nuspecs\HangFire.Core.nuspec
		nuspecs\HangFire.nuspec = nuspecs\HangFire.nuspec
		nuspecs\HangFire.Redis.nuspec = nuspecs\HangFire.Redis.nuspec
		nuspecs\HangFire.SqlServer.nuspec = nuspecs\HangFire.SqlServer.nuspec
		nuspecs\HangFire.Web.nuspec = nuspecs\HangFire.Web.nuspec
	EndProjectSection
EndProject
Project("{2150E333-8FDC-42A3-9474-1A3956D46DE8}") = "content", "content", "{37E2BF00-C473-48A5-B2A7-5A3DE0910FCF}"
	ProjectSection(SolutionItems) = preProject
		content\HangFireConfig.cs.pp = content\HangFireConfig.cs.pp
		content\web.config.transform = content\web.config.transform
	EndProjectSection
EndProject
Project("{FAE04EC0-301F-11D3-BF4B-00C04F79EFBC}") = "HangFire.Core.Tests", "tests\HangFire.Core.Tests\HangFire.Core.Tests.csproj", "{E13C3543-39A3-475C-BB43-2E311E634843}"
EndProject
Project("{FAE04EC0-301F-11D3-BF4B-00C04F79EFBC}") = "HangFire.Redis.Tests", "tests\HangFire.Redis.Tests\HangFire.Redis.Tests.csproj", "{25909EE6-2A56-4EAC-9D0E-436FF2435E88}"
EndProject
Project("{FAE04EC0-301F-11D3-BF4B-00C04F79EFBC}") = "HangFire.SqlServer.Tests", "tests\HangFire.SqlServer.Tests\HangFire.SqlServer.Tests.csproj", "{6DFFA275-C483-4501-823A-741AC9EC0846}"
EndProject
Global
	GlobalSection(SolutionConfigurationPlatforms) = preSolution
		Debug|Any CPU = Debug|Any CPU
		Release|Any CPU = Release|Any CPU
	EndGlobalSection
	GlobalSection(ProjectConfigurationPlatforms) = postSolution
		{C02BB718-2AE4-434C-8668-C894FF663FCE}.Debug|Any CPU.ActiveCfg = Debug|Any CPU
		{C02BB718-2AE4-434C-8668-C894FF663FCE}.Debug|Any CPU.Build.0 = Debug|Any CPU
		{C02BB718-2AE4-434C-8668-C894FF663FCE}.Release|Any CPU.ActiveCfg = Release|Any CPU
		{C02BB718-2AE4-434C-8668-C894FF663FCE}.Release|Any CPU.Build.0 = Release|Any CPU
		{C995EA9E-56EE-4951-8260-D94260A7F4C2}.Debug|Any CPU.ActiveCfg = Debug|Any CPU
		{C995EA9E-56EE-4951-8260-D94260A7F4C2}.Debug|Any CPU.Build.0 = Debug|Any CPU
		{C995EA9E-56EE-4951-8260-D94260A7F4C2}.Release|Any CPU.ActiveCfg = Release|Any CPU
		{C995EA9E-56EE-4951-8260-D94260A7F4C2}.Release|Any CPU.Build.0 = Release|Any CPU
		{BC4AB33F-67C8-41B1-BB1A-CD62F44587AA}.Debug|Any CPU.ActiveCfg = Debug|Any CPU
		{BC4AB33F-67C8-41B1-BB1A-CD62F44587AA}.Debug|Any CPU.Build.0 = Debug|Any CPU
		{BC4AB33F-67C8-41B1-BB1A-CD62F44587AA}.Release|Any CPU.ActiveCfg = Release|Any CPU
		{BC4AB33F-67C8-41B1-BB1A-CD62F44587AA}.Release|Any CPU.Build.0 = Release|Any CPU
		{FE5EAE49-2627-42B6-8C2B-EBE4D45B4D97}.Debug|Any CPU.ActiveCfg = Debug|Any CPU
		{FE5EAE49-2627-42B6-8C2B-EBE4D45B4D97}.Debug|Any CPU.Build.0 = Debug|Any CPU
		{FE5EAE49-2627-42B6-8C2B-EBE4D45B4D97}.Release|Any CPU.ActiveCfg = Release|Any CPU
		{FE5EAE49-2627-42B6-8C2B-EBE4D45B4D97}.Release|Any CPU.Build.0 = Release|Any CPU
		{EA0966B1-F2C9-4C65-834D-962FD78268F7}.Debug|Any CPU.ActiveCfg = Debug|Any CPU
		{EA0966B1-F2C9-4C65-834D-962FD78268F7}.Debug|Any CPU.Build.0 = Debug|Any CPU
		{EA0966B1-F2C9-4C65-834D-962FD78268F7}.Release|Any CPU.ActiveCfg = Release|Any CPU
		{EA0966B1-F2C9-4C65-834D-962FD78268F7}.Release|Any CPU.Build.0 = Release|Any CPU
		{8F46F57B-3247-4AA7-B330-57AC088547EB}.Debug|Any CPU.ActiveCfg = Debug|Any CPU
		{8F46F57B-3247-4AA7-B330-57AC088547EB}.Debug|Any CPU.Build.0 = Debug|Any CPU
		{8F46F57B-3247-4AA7-B330-57AC088547EB}.Release|Any CPU.ActiveCfg = Release|Any CPU
		{8F46F57B-3247-4AA7-B330-57AC088547EB}.Release|Any CPU.Build.0 = Release|Any CPU
		{A523C0E3-097D-4869-977F-15A717EA3E83}.Debug|Any CPU.ActiveCfg = Debug|Any CPU
		{A523C0E3-097D-4869-977F-15A717EA3E83}.Debug|Any CPU.Build.0 = Debug|Any CPU
		{A523C0E3-097D-4869-977F-15A717EA3E83}.Release|Any CPU.ActiveCfg = Release|Any CPU
		{A523C0E3-097D-4869-977F-15A717EA3E83}.Release|Any CPU.Build.0 = Release|Any CPU
		{E13C3543-39A3-475C-BB43-2E311E634843}.Debug|Any CPU.ActiveCfg = Debug|Any CPU
		{E13C3543-39A3-475C-BB43-2E311E634843}.Debug|Any CPU.Build.0 = Debug|Any CPU
		{E13C3543-39A3-475C-BB43-2E311E634843}.Release|Any CPU.ActiveCfg = Release|Any CPU
		{E13C3543-39A3-475C-BB43-2E311E634843}.Release|Any CPU.Build.0 = Release|Any CPU
		{25909EE6-2A56-4EAC-9D0E-436FF2435E88}.Debug|Any CPU.ActiveCfg = Debug|Any CPU
		{25909EE6-2A56-4EAC-9D0E-436FF2435E88}.Debug|Any CPU.Build.0 = Debug|Any CPU
		{25909EE6-2A56-4EAC-9D0E-436FF2435E88}.Release|Any CPU.ActiveCfg = Release|Any CPU
		{25909EE6-2A56-4EAC-9D0E-436FF2435E88}.Release|Any CPU.Build.0 = Release|Any CPU
		{6DFFA275-C483-4501-823A-741AC9EC0846}.Debug|Any CPU.ActiveCfg = Debug|Any CPU
		{6DFFA275-C483-4501-823A-741AC9EC0846}.Debug|Any CPU.Build.0 = Debug|Any CPU
		{6DFFA275-C483-4501-823A-741AC9EC0846}.Release|Any CPU.ActiveCfg = Release|Any CPU
		{6DFFA275-C483-4501-823A-741AC9EC0846}.Release|Any CPU.Build.0 = Release|Any CPU
	EndGlobalSection
	GlobalSection(SolutionProperties) = preSolution
		HideSolutionNode = FALSE
	EndGlobalSection
	GlobalSection(NestedProjects) = preSolution
		{FE5EAE49-2627-42B6-8C2B-EBE4D45B4D97} = {119DA7FA-B94C-4B63-AEC9-428EF834E0D8}
		{C02BB718-2AE4-434C-8668-C894FF663FCE} = {119DA7FA-B94C-4B63-AEC9-428EF834E0D8}
		{EA0966B1-F2C9-4C65-834D-962FD78268F7} = {766BE831-F758-46BC-AFD3-BBEEFE0F686F}
		{E13C3543-39A3-475C-BB43-2E311E634843} = {766BE831-F758-46BC-AFD3-BBEEFE0F686F}
		{25909EE6-2A56-4EAC-9D0E-436FF2435E88} = {766BE831-F758-46BC-AFD3-BBEEFE0F686F}
		{6DFFA275-C483-4501-823A-741AC9EC0846} = {766BE831-F758-46BC-AFD3-BBEEFE0F686F}
	EndGlobalSection
EndGlobal
