{
  "version": 1,
  "dependencies": {
    ".NETFramework,Version=v4.5.1": {
      "Microsoft.Owin.SelfHost": {
        "type": "Direct",
        "requested": "[4.0.0, )",
        "resolved": "4.0.0",
        "contentHash": "Gsxjg466eKBykIMZyrPP1IA8MIbYPd/1gcSWc6JLGb+CUO/elctCJomSbOJFceh9YU9hj9qURjpx0ns6/AghSA==",
        "dependencies": {
          "Microsoft.Owin": "4.0.0",
          "Microsoft.Owin.Diagnostics": "4.0.0",
          "Microsoft.Owin.Host.HttpListener": "4.0.0",
          "Microsoft.Owin.Hosting": "4.0.0",
          "Owin": "1.0.0"
        }
      },
      "Newtonsoft.Json": {
        "type": "Direct",
        "requested": "[13.0.1, )",
        "resolved": "13.0.1",
        "contentHash": "ppPFpBcvxdsfUonNcvITKqLl3bqxWbDCZIzDWHzjpdAHRFfZe0Dw9HmA0+za13IdyrgJwpkDTDA9fHaxOrt20A=="
      },
      "CronExpressionDescriptor": {
        "type": "Transitive",
        "resolved": "1.21.0",
        "contentHash": "BDusPksr0codp6mgNbXfw8SG/uJKYdflCDkIaLPKD86YIdHPdzgz7hrbWDmlWpkyzJPPZ5uRDQPLaVUJMQIdBQ=="
      },
      "Cronos": {
        "type": "Transitive",
        "resolved": "0.7.1",
        "contentHash": "aa2DY3qGBnwX7/jW4c17PyRlIeAtc5nYTlAPekc0113jcbBuz9vQkQaQ9NG+TNGlAj4esFxh8OuKUv4vmAODbw=="
      },
      "Dapper": {
        "type": "Transitive",
        "resolved": "1.50.1",
        "contentHash": "NIE9+9/Dqh0SF1MWBvuMGg0A8bgTdu8S0HMRrpFvlpnpIO/WklVVcaLS4ZtdI3dvxMmYiJoKBn7se3mgndUV9A=="
      },
      "LibLog": {
        "type": "Transitive",
        "resolved": "1.5.0",
        "contentHash": "0bNoz50GPHYnS3fv/qTS2dFBeYgoppM1t//gWULGxY/TM5TNxxknUWqOqzE8eZgLIa2ENfIwzumvbeWFnx14rg=="
      },
      "Microsoft.Owin": {
        "type": "Transitive",
        "resolved": "4.0.0",
        "contentHash": "3TNVMkgF+yhesPYwq67ZOcLGtfKEupNNXcqVO4FRNjkQ1v0gBNb3k8CSuJonrCC8EAUp+OeUYrDTQePiyaVzpw==",
        "dependencies": {
          "Owin": "1.0.0"
        }
      },
      "Microsoft.Owin.Diagnostics": {
        "type": "Transitive",
        "resolved": "4.0.0",
        "contentHash": "96t+ud+Ai2kPnkdThUPL8wM9C1MAzZ80zlfTvjK0VwJsy+9F2rylFrsRx+dD7KSsN+ANKAuxSQlaYuzU9O8pZA==",
        "dependencies": {
          "Microsoft.Owin": "4.0.0",
          "Owin": "1.0.0"
        }
      },
      "Microsoft.Owin.Host.HttpListener": {
        "type": "Transitive",
        "resolved": "4.0.0",
        "contentHash": "AC0fcRPFg/gf6AmATmCJBGnD14URhCYOHtAW0g248YzZ4ByIkVA7jHBQbfij+zyIOeOya8uaAwFPCIN1wyiOQw=="
      },
      "Microsoft.Owin.Hosting": {
        "type": "Transitive",
        "resolved": "4.0.0",
        "contentHash": "rAkxeyiIliRbMZyPxo83QE+UY7HNTsFOH9+wqQTcQyWBVbYkBQp373meNt4+DpupMB56A1BopLDeyoX9DZJrbA==",
        "dependencies": {
          "Microsoft.Owin": "4.0.0",
          "Owin": "1.0.0"
        }
      },
      "MoreLinq.Source.MoreEnumerable.Pairwise": {
        "type": "Transitive",
        "resolved": "1.0.1",
        "contentHash": "N1bmYqxItSwixZ72KJ/V4e3mEnIO5AtMcmjtilqe+Ulp4GpSje9DP+1Cv4j01s3uG4h7P4G1axUEODL1yWB5Og=="
      },
      "Owin": {
        "type": "Transitive",
        "resolved": "1.0.0",
        "contentHash": "OseTFniKmyp76mEzOBwIKGBRS5eMoYNkMKaMXOpxx9jv88+b6mh1rSaw43vjBOItNhaLFG3d0a20PfHyibH5sw=="
      },
      "StackTraceFormatter.Source": {
        "type": "Transitive",
        "resolved": "1.1.0",
        "contentHash": "69Zxg50Sm1kq9hvxPgEo0w9li8oiD2qVT87GGsqXJP2vfYs33LVKGHRMSP2Z4iTP3UC0PJTeurCeWY2t7X/76Q==",
        "dependencies": {
          "MoreLinq.Source.MoreEnumerable.Pairwise": "[1.0.1, 2.0.0)",
          "StackTraceParser.Source": "[1.2.0, 2.0.0)"
        }
      },
      "StackTraceParser.Source": {
        "type": "Transitive",
        "resolved": "1.3.0",
        "contentHash": "tOdf1XpHE2YQJpBERplZA2kMTJQtJnKzSc7GMO/yeNNGuXNueVqySfIr/gfU1vx9k2FO8u0zD4mtnZGwKQM+Zg=="
      },
      "hangfire.core": {
        "type": "Project",
        "dependencies": {
          "CronExpressionDescriptor": "[1.21.0, )",
          "Cronos": "[0.7.1, )",
          "LibLog": "[1.5.0, )",
          "Microsoft.Owin": "[3.0.1, )",
          "MoreLinq.Source.MoreEnumerable.Pairwise": "[1.0.1, )",
          "Newtonsoft.Json": "[5.0.1, )",
          "Owin": "[1.0.0, )",
          "StackTraceFormatter.Source": "[1.1.0, )",
          "StackTraceParser.Source": "[1.3.0, )"
        }
      },
      "hangfire.sqlserver": {
        "type": "Project",
        "dependencies": {
          "Dapper": "[1.50.1, )",
          "Hangfire.Core": "[1.0.0, )"
        }
      },
      "hangfire.sqlserver.msmq": {
        "type": "Project",
        "dependencies": {
          "Hangfire.Core": "[1.0.0, )",
          "Hangfire.SqlServer": "[1.0.0, )"
        }
      }
    },
    ".NETFramework,Version=v4.5.1/win7-x86": {}
  }
}