{
  "version": 1,
  "dependencies": {
    "net10.0": {
      "Newtonsoft.Json": {
        "type": "Direct",
        "requested": "[13.0.3, )",
        "resolved": "13.0.3",
        "contentHash": "HrC5BXdl00IP9zeV+0Z848QWPAoCr9P3bDEZguI+gkLcBKAOxix/tLEAAHC+UvDNPv4a2d18lOReHMOagPa+zQ=="
      },
      "Cronos": {
        "type": "Transitive",
        "resolved": "0.11.1",
        "contentHash": "5Ug+giPQITSAdTp/METAsofRSSUi3I5p7t4dlcXnzUgUzwZb4HkOBcYfpHuPwAHrnKJjmyW8amVzLD6mfLpaBg=="
      },
      "Dapper": {
        "type": "Transitive",
        "resolved": "2.1.28",
        "contentHash": "ha49pzOEDmCPkMxwfPSR/wxa/6RD3r42TESIgpzpi7FXq/gNVUuJVEO+wtUzntNRhtmq3BKCl0s0aAlSZLkBUA=="
      },
      "hangfire.core": {
        "type": "Project",
        "dependencies": {
          "Cronos": "[0.11.1, )",
          "Newtonsoft.Json": "[13.0.3, )"
        }
      },
      "hangfire.sqlserver": {
        "type": "Project",
        "dependencies": {
          "Dapper": "[2.1.28, )",
          "Hangfire.Core": "[1.0.0, )"
        }
      }
    }
  }
}