{
  "version": 1,
  "dependencies": {
    ".NETFramework,Version=v4.5.1": {
      "Microsoft.NETFramework.ReferenceAssemblies": {
        "type": "Direct",
        "requested": "[1.0.3, )",
        "resolved": "1.0.3",
        "contentHash": "vUc9Npcs14QsyOD01tnv/m8sQUnGTGOw1BCmKcv77LBJY7OxhJ+zJF7UD/sCL3lYNFuqmQEVlkfS4Quif6FyYg==",
        "dependencies": {
          "Microsoft.NETFramework.ReferenceAssemblies.net451": "1.0.3"
        }
      },
      "Microsoft.Owin.SelfHost": {
        "type": "Direct",
        "requested": "[4.0.0, )",
        "resolved": "4.0.0",
        "contentHash": "Gsxjg466eKBykIMZyrPP1IA8MIbYPd/1gcSWc6JLGb+CUO/elctCJomSbOJFceh9YU9hj9qURjpx0ns6/AghSA==",
        "dependencies": {
          "Microsoft.Owin": "4.0.0",
          "Microsoft.Owin.Diagnostics": "4.0.0",
          "Microsoft.Owin.Host.HttpListener": "4.0.0",
          "Microsoft.Owin.Hosting": "4.0.0",
          "Owin": "1.0.0"
        }
      },
      "Newtonsoft.Json": {
        "type": "Direct",
        "requested": "[13.0.2, )",
        "resolved": "13.0.2",
        "contentHash": "R2pZ3B0UjeyHShm9vG+Tu0EBb2lC8b0dFzV9gVn50ofHXh9Smjk6kTn7A/FdAsC8B5cKib1OnGYOXxRBz5XQDg=="
      },
      "CronExpressionDescriptor": {
        "type": "Transitive",
        "resolved": "1.21.0",
        "contentHash": "BDusPksr0codp6mgNbXfw8SG/uJKYdflCDkIaLPKD86YIdHPdzgz7hrbWDmlWpkyzJPPZ5uRDQPLaVUJMQIdBQ=="
      },
      "Cronos": {
        "type": "Transitive",
        "resolved": "0.11.1",
        "contentHash": "5Ug+giPQITSAdTp/METAsofRSSUi3I5p7t4dlcXnzUgUzwZb4HkOBcYfpHuPwAHrnKJjmyW8amVzLD6mfLpaBg=="
      },
      "Dapper": {
        "type": "Transitive",
        "resolved": "1.60.6",
        "contentHash": "mmnJNhKMeF2KhvVXDoVQlFxre8aJAo71YBJrKqFlvuqzYC2QiXUq94/GCDBJzU7paq4GqpkV2glw3308TcGibw=="
      },
      "Microsoft.NETFramework.ReferenceAssemblies.net451": {
        "type": "Transitive",
        "resolved": "1.0.3",
        "contentHash": "vVPinxdLrwoX81ApbNIHDBI6qymQEy8eSOxDNBgKJtc2+cifnF0oT1U2d3EFx+V5O68yaqna2myZJNsgKCpVkA=="
      },
      "Microsoft.Owin": {
        "type": "Transitive",
        "resolved": "4.2.3",
        "contentHash": "uoOKm7Ouj06+ULS7Ss60tRM2E5t0ku7rQ7cJk864jArtE35WTJKMzUxgHxs7gdiqHZYnC3ddZSr9zj8yRjguEA==",
        "dependencies": {
          "Owin": "1.0.0"
        }
      },
      "Microsoft.Owin.Diagnostics": {
        "type": "Transitive",
        "resolved": "4.0.0",
        "contentHash": "96t+ud+Ai2kPnkdThUPL8wM9C1MAzZ80zlfTvjK0VwJsy+9F2rylFrsRx+dD7KSsN+ANKAuxSQlaYuzU9O8pZA==",
        "dependencies": {
          "Microsoft.Owin": "4.0.0",
          "Owin": "1.0.0"
        }
      },
      "Microsoft.Owin.Host.HttpListener": {
        "type": "Transitive",
        "resolved": "4.0.0",
        "contentHash": "AC0fcRPFg/gf6AmATmCJBGnD14URhCYOHtAW0g248YzZ4ByIkVA7jHBQbfij+zyIOeOya8uaAwFPCIN1wyiOQw=="
      },
      "Microsoft.Owin.Hosting": {
        "type": "Transitive",
        "resolved": "4.0.0",
        "contentHash": "rAkxeyiIliRbMZyPxo83QE+UY7HNTsFOH9+wqQTcQyWBVbYkBQp373meNt4+DpupMB56A1BopLDeyoX9DZJrbA==",
        "dependencies": {
          "Microsoft.Owin": "4.0.0",
          "Owin": "1.0.0"
        }
      },
      "Owin": {
        "type": "Transitive",
        "resolved": "1.0.0",
        "contentHash": "OseTFniKmyp76mEzOBwIKGBRS5eMoYNkMKaMXOpxx9jv88+b6mh1rSaw43vjBOItNhaLFG3d0a20PfHyibH5sw=="
      },
      "hangfire.core": {
        "type": "Project",
        "dependencies": {
          "CronExpressionDescriptor": "[1.21.0, )",
          "Cronos": "[0.11.1, )",
          "Microsoft.Owin": "[4.2.3, )",
          "Newtonsoft.Json": "[5.0.1, )",
          "Owin": "[1.0.0, )"
        }
      },
      "hangfire.sqlserver": {
        "type": "Project",
        "dependencies": {
          "Dapper": "[1.60.6, )",
          "Hangfire.Core": "[1.0.0, )"
        }
      },
      "hangfire.sqlserver.msmq": {
        "type": "Project",
        "dependencies": {
          "Hangfire.Core": "[1.0.0, )",
          "Hangfire.SqlServer": "[1.0.0, )"
        }
      }
    },
    ".NETFramework,Version=v4.5.1/win7-x86": {}
  }
}