{
  "version": 1,
  "dependencies": {
    "net10.0": {
      "Microsoft.NET.Test.Sdk": {
        "type": "Direct",
        "requested": "[17.8.0, )",
        "resolved": "17.8.0",
        "contentHash": "BmTYGbD/YuDHmApIENdoyN1jCk0Rj1fJB0+B/fVekyTdVidr91IlzhqzytiUgaEAzL1ZJcYCme0MeBMYvJVzvw==",
        "dependencies": {
          "Microsoft.CodeCoverage": "17.8.0",
          "Microsoft.TestPlatform.TestHost": "17.8.0"
        }
      },
      "Moq": {
        "type": "Direct",
        "requested": "[4.10.0, )",
        "resolved": "4.10.0",
        "contentHash": "YZ1yTTDkFdgjglo9v2Gy4jnWUUIPTQETCul9CDguydLYrVgQXr6L1n3CEJqy/S9kgX+Er0cRQixky2grMwtvxA==",
        "dependencies": {
          "Castle.Core": "4.3.1",
          "NETStandard.Library": "1.6.1"
        }
      },
      "Moq.Sequences": {
        "type": "Direct",
        "requested": "[2.1.0, )",
        "resolved": "2.1.0",
        "contentHash": "0mD4H/K+WtwcICaI8ytRnozVOkSGyEdQaCVcBKo3WUsAAJXfhKhpraiZZB2rMl/9jB9S6uo3x4GMbqaKTkwvgA==",
        "dependencies": {
          "Moq": "4.7.0",
          "NETStandard.Library": "1.6.1"
        }
      },
      "xunit": {
        "type": "Direct",
        "requested": "[2.4.0, )",
        "resolved": "2.4.0",
        "contentHash": "NL00nGsDsyWc1CWxz5FXXjLpW9oFG18WJoTPCyhNv4KGP/e5iLJqAqgM1uaJZyQ6WaTtmWIy4yjYP3RdcaT7Vw==",
        "dependencies": {
          "xunit.analyzers": "0.10.0",
          "xunit.assert": "[2.4.0]",
          "xunit.core": "[2.4.0]"
        }
      },
      "xunit.runner.visualstudio": {
        "type": "Direct",
        "requested": "[2.4.0, )",
        "resolved": "2.4.0",
        "contentHash": "3eq5cGXbEJkqW9nwLuXwtxy9B5gMA8i7HW4rN63AhAvy5UvEcQbZnve23wx/oPrkyg/4CbfNhxkBezS0b1oUdQ==",
        "dependencies": {
          "Microsoft.NET.Test.Sdk": "15.0.0"
        }
      },
      "Castle.Core": {
        "type": "Transitive",
        "resolved": "4.3.1",
        "contentHash": "8Y/eTr6GTElAGV7eAmJuhfLhGdFpNvaNrQ9UQYDScziLmX+/BLGM+9eQr0IcdNDcPN0ADmbtwT6MgecGKy4obw==",
        "dependencies": {
          "NETStandard.Library": "1.6.1"
        }
      },
      "Cronos": {
        "type": "Transitive",
        "resolved": "0.11.1",
        "contentHash": "5Ug+giPQITSAdTp/METAsofRSSUi3I5p7t4dlcXnzUgUzwZb4HkOBcYfpHuPwAHrnKJjmyW8amVzLD6mfLpaBg=="
      },
      "Microsoft.CodeCoverage": {
        "type": "Transitive",
        "resolved": "17.8.0",
        "contentHash": "KC8SXWbGIdoFVdlxKk9WHccm0llm9HypcHMLUUFabRiTS3SO2fQXNZfdiF3qkEdTJhbRrxhdRxjL4jbtwPq4Ew=="
      },
      "Microsoft.NETCore.Platforms": {
        "type": "Transitive",
        "resolved": "1.1.0",
        "contentHash": "kz0PEW2lhqygehI/d6XsPCQzD7ff7gUJaVGPVETX611eadGsA3A877GdSlU0LRVMCTH/+P3o2iDTak+S08V2+A=="
      },
      "Microsoft.TestPlatform.ObjectModel": {
        "type": "Transitive",
        "resolved": "17.8.0",
        "contentHash": "AYy6vlpGMfz5kOFq99L93RGbqftW/8eQTqjT9iGXW6s9MRP3UdtY8idJ8rJcjeSja8A18IhIro5YnH3uv1nz4g==",
        "dependencies": {
          "NuGet.Frameworks": "6.5.0"
        }
      },
      "Microsoft.TestPlatform.TestHost": {
        "type": "Transitive",
        "resolved": "17.8.0",
        "contentHash": "9ivcl/7SGRmOT0YYrHQGohWiT5YCpkmy/UEzldfVisLm6QxbLaK3FAJqZXI34rnRLmqqDCeMQxKINwmKwAPiDw==",
        "dependencies": {
          "Microsoft.TestPlatform.ObjectModel": "17.8.0",
          "Newtonsoft.Json": "13.0.1"
        }
      },
      "NETStandard.Library": {
        "type": "Transitive",
        "resolved": "1.6.1",
        "contentHash": "WcSp3+vP+yHNgS8EV5J7pZ9IRpeDuARBPN28by8zqff1wJQXm26PVU8L3/fYLBJVU7BtDyqNVWq2KlCVvSSR4A==",
        "dependencies": {
          "Microsoft.NETCore.Platforms": "1.1.0"
        }
      },
      "Newtonsoft.Json": {
        "type": "Transitive",
        "resolved": "13.0.3",
        "contentHash": "HrC5BXdl00IP9zeV+0Z848QWPAoCr9P3bDEZguI+gkLcBKAOxix/tLEAAHC+UvDNPv4a2d18lOReHMOagPa+zQ=="
      },
      "NuGet.Frameworks": {
        "type": "Transitive",
        "resolved": "6.5.0",
        "contentHash": "QWINE2x3MbTODsWT1Gh71GaGb5icBz4chS8VYvTgsBnsi8esgN6wtHhydd7fvToWECYGq7T4cgBBDiKD/363fg=="
      },
      "xunit.abstractions": {
        "type": "Transitive",
        "resolved": "2.0.2",
        "contentHash": "vItLB0WkaKg0426RgWq+ZdXH6D+YV/uH28C0weWMOBnVx7I+luHuEYss9hoOngpkiN5kUpLvh9VZRx1H2sk59A=="
      },
      "xunit.analyzers": {
        "type": "Transitive",
        "resolved": "0.10.0",
        "contentHash": "4/IDFCJfIeg6bix9apmUtIMwvOsiwqdEexeO/R2D4GReIGPLIRODTpId/l4LRSrAJk9lEO3Zx1H0Zx6uohJDNg=="
      },
      "xunit.assert": {
        "type": "Transitive",
        "resolved": "2.4.0",
        "contentHash": "Swvkm6iTjZr8TiUj5vMnmfG+2dD4s/BIBgsVOzTxxmoq2ndGsmM2WIL4wuqJ8RhxydWIDOPpIaaytjT2pMTEdg=="
      },
      "xunit.core": {
        "type": "Transitive",
        "resolved": "2.4.0",
        "contentHash": "BJ/O/tPEcHUCwQYuwqXoYccTMyw6B5dA6yh7WxWWBhKbjqTsG9RWL0nCQXM5yQYJwUuFzBkiXDPN1BO6UdBB4Q==",
        "dependencies": {
          "xunit.extensibility.core": "[2.4.0]",
          "xunit.extensibility.execution": "[2.4.0]"
        }
      },
      "xunit.extensibility.core": {
        "type": "Transitive",
        "resolved": "2.4.0",
        "contentHash": "qr/KrR6uukHXD9e/lLQjyCPfMEDuvvhNFDzsYzCF2kKlYKiqcADfUvA9Q68rBtKFtwHFeghjWEuv15KoGD2SfA==",
        "dependencies": {
          "xunit.abstractions": "2.0.2"
        }
      },
      "xunit.extensibility.execution": {
        "type": "Transitive",
        "resolved": "2.4.0",
        "contentHash": "252Dzn7i5bMPKtAL15aOP3qJhxKd+57I8ldwIQRJa745JxQuiBu5Da0vtIISVTtc3buRSkBwVnD9iUzsEmCzZA==",
        "dependencies": {
          "xunit.extensibility.core": "[2.4.0]"
        }
      },
      "hangfire.core": {
        "type": "Project",
        "dependencies": {
          "Cronos": "[0.11.1, )",
          "Newtonsoft.Json": "[13.0.3, )"
        }
      }
    }
  }
}