{
  "version": 1,
  "dependencies": {
    ".NETFramework,Version=v4.5.1": {
      "Microsoft.CodeAnalysis.NetAnalyzers": {
        "type": "Direct",
        "requested": "[9.0.0, )",
        "resolved": "9.0.0",
        "contentHash": "JajbvkrBgtdRghavIjcJuNHMOja4lqBmEezbhZyqWPYh2cpLhT5mPpfC7NQVDO4IehWQum9t/nwF4v+qQGtYWg=="
      },
      "Microsoft.NETFramework.ReferenceAssemblies": {
        "type": "Direct",
        "requested": "[1.0.3, )",
        "resolved": "1.0.3",
        "contentHash": "vUc9Npcs14QsyOD01tnv/m8sQUnGTGOw1BCmKcv77LBJY7OxhJ+zJF7UD/sCL3lYNFuqmQEVlkfS4Quif6FyYg==",
        "dependencies": {
          "Microsoft.NETFramework.ReferenceAssemblies.net451": "1.0.3"
        }
      },
      "Microsoft.SourceLink.GitHub": {
        "type": "Direct",
        "requested": "[8.0.0, )",
        "resolved": "8.0.0",
        "contentHash": "G5q7OqtwIyGTkeIOAc3u2ZuV/kicQaec5EaRnc0pIeSnh9LUjj+PYQrJYBURvDt7twGl2PKA7nSN0kz1Zw5bnQ==",
        "dependencies": {
          "Microsoft.Build.Tasks.Git": "8.0.0",
          "Microsoft.SourceLink.Common": "8.0.0"
        }
      },
      "CronExpressionDescriptor": {
        "type": "Transitive",
        "resolved": "1.21.0",
        "contentHash": "BDusPksr0codp6mgNbXfw8SG/uJKYdflCDkIaLPKD86YIdHPdzgz7hrbWDmlWpkyzJPPZ5uRDQPLaVUJMQIdBQ=="
      },
      "Cronos": {
        "type": "Transitive",
        "resolved": "0.11.1",
        "contentHash": "5Ug+giPQITSAdTp/METAsofRSSUi3I5p7t4dlcXnzUgUzwZb4HkOBcYfpHuPwAHrnKJjmyW8amVzLD6mfLpaBg=="
      },
      "Dapper": {
        "type": "Transitive",
        "resolved": "1.60.6",
        "contentHash": "mmnJNhKMeF2KhvVXDoVQlFxre8aJAo71YBJrKqFlvuqzYC2QiXUq94/GCDBJzU7paq4GqpkV2glw3308TcGibw=="
      },
      "Microsoft.Build.Tasks.Git": {
        "type": "Transitive",
        "resolved": "8.0.0",
        "contentHash": "bZKfSIKJRXLTuSzLudMFte/8CempWjVamNUR5eHJizsy+iuOuO/k2gnh7W0dHJmYY0tBf+gUErfluCv5mySAOQ=="
      },
      "Microsoft.NETFramework.ReferenceAssemblies.net451": {
        "type": "Transitive",
        "resolved": "1.0.3",
        "contentHash": "vVPinxdLrwoX81ApbNIHDBI6qymQEy8eSOxDNBgKJtc2+cifnF0oT1U2d3EFx+V5O68yaqna2myZJNsgKCpVkA=="
      },
      "Microsoft.Owin": {
        "type": "Transitive",
        "resolved": "4.2.3",
        "contentHash": "uoOKm7Ouj06+ULS7Ss60tRM2E5t0ku7rQ7cJk864jArtE35WTJKMzUxgHxs7gdiqHZYnC3ddZSr9zj8yRjguEA==",
        "dependencies": {
          "Owin": "1.0.0"
        }
      },
      "Microsoft.SourceLink.Common": {
        "type": "Transitive",
        "resolved": "8.0.0",
        "contentHash": "dk9JPxTCIevS75HyEQ0E4OVAFhB2N+V9ShCXf8Q6FkUQZDkgLI12y679Nym1YqsiSysuQskT7Z+6nUf3yab6Vw=="
      },
      "Newtonsoft.Json": {
        "type": "Transitive",
        "resolved": "5.0.1",
        "contentHash": "AuSDf0kpGGLSvFmj1Zia8BxTeUCdQ6lB8lWUZRYVXRnAQLmiEGmoP0M+9KHwJNqBW2FiFwSG8Jkz3G7tS6k7MQ=="
      },
      "Owin": {
        "type": "Transitive",
        "resolved": "1.0.0",
        "contentHash": "OseTFniKmyp76mEzOBwIKGBRS5eMoYNkMKaMXOpxx9jv88+b6mh1rSaw43vjBOItNhaLFG3d0a20PfHyibH5sw=="
      },
      "hangfire.core": {
        "type": "Project",
        "dependencies": {
          "CronExpressionDescriptor": "[1.21.0, )",
          "Cronos": "[0.11.1, )",
          "Microsoft.Owin": "[4.2.3, )",
          "Newtonsoft.Json": "[5.0.1, )",
          "Owin": "[1.0.0, )"
        }
      },
      "hangfire.sqlserver": {
        "type": "Project",
        "dependencies": {
          "Dapper": "[1.60.6, )",
          "Hangfire.Core": "[1.0.0, )"
        }
      }
    }
  }
}