{
  "version": 1,
  "dependencies": {
    ".NETFramework,Version=v4.5.2": {
      "Microsoft.NET.Test.Sdk": {
        "type": "Direct",
        "requested": "[17.8.0, )",
        "resolved": "17.8.0",
        "contentHash": "BmTYGbD/YuDHmApIENdoyN1jCk0Rj1fJB0+B/fVekyTdVidr91IlzhqzytiUgaEAzL1ZJcYCme0MeBMYvJVzvw=="
      },
      "Microsoft.NETFramework.ReferenceAssemblies": {
        "type": "Direct",
        "requested": "[1.0.3, )",
        "resolved": "1.0.3",
        "contentHash": "vUc9Npcs14QsyOD01tnv/m8sQUnGTGOw1BCmKcv77LBJY7OxhJ+zJF7UD/sCL3lYNFuqmQEVlkfS4Quif6FyYg==",
        "dependencies": {
          "Microsoft.NETFramework.ReferenceAssemblies.net452": "1.0.3"
        }
      },
      "Moq": {
        "type": "Direct",
        "requested": "[4.10.0, )",
        "resolved": "4.10.0",
        "contentHash": "YZ1yTTDkFdgjglo9v2Gy4jnWUUIPTQETCul9CDguydLYrVgQXr6L1n3CEJqy/S9kgX+Er0cRQixky2grMwtvxA==",
        "dependencies": {
          "Castle.Core": "4.3.1",
          "System.Threading.Tasks.Extensions": "4.3.0",
          "System.ValueTuple": "4.4.0"
        }
      },
      "Newtonsoft.Json": {
        "type": "Direct",
        "requested": "[9.0.1, )",
        "resolved": "9.0.1",
        "contentHash": "U82mHQSKaIk+lpSVCbWYKNavmNH1i5xrExDEquU1i6I5pV6UMOqRnJRSlKO3cMPfcpp0RgDY+8jUXHdQ4IfXvw=="
      },
      "xunit": {
        "type": "Direct",
        "requested": "[2.4.0, )",
        "resolved": "2.4.0",
        "contentHash": "NL00nGsDsyWc1CWxz5FXXjLpW9oFG18WJoTPCyhNv4KGP/e5iLJqAqgM1uaJZyQ6WaTtmWIy4yjYP3RdcaT7Vw==",
        "dependencies": {
          "xunit.analyzers": "0.10.0",
          "xunit.assert": "[2.4.0]",
          "xunit.core": "[2.4.0]"
        }
      },
      "xunit.runner.visualstudio": {
        "type": "Direct",
        "requested": "[2.4.0, )",
        "resolved": "2.4.0",
        "contentHash": "3eq5cGXbEJkqW9nwLuXwtxy9B5gMA8i7HW4rN63AhAvy5UvEcQbZnve23wx/oPrkyg/4CbfNhxkBezS0b1oUdQ=="
      },
      "Castle.Core": {
        "type": "Transitive",
        "resolved": "4.3.1",
        "contentHash": "8Y/eTr6GTElAGV7eAmJuhfLhGdFpNvaNrQ9UQYDScziLmX+/BLGM+9eQr0IcdNDcPN0ADmbtwT6MgecGKy4obw=="
      },
      "CronExpressionDescriptor": {
        "type": "Transitive",
        "resolved": "1.21.0",
        "contentHash": "BDusPksr0codp6mgNbXfw8SG/uJKYdflCDkIaLPKD86YIdHPdzgz7hrbWDmlWpkyzJPPZ5uRDQPLaVUJMQIdBQ=="
      },
      "Cronos": {
        "type": "Transitive",
        "resolved": "0.11.1",
        "contentHash": "5Ug+giPQITSAdTp/METAsofRSSUi3I5p7t4dlcXnzUgUzwZb4HkOBcYfpHuPwAHrnKJjmyW8amVzLD6mfLpaBg=="
      },
      "Dapper": {
        "type": "Transitive",
        "resolved": "1.60.6",
        "contentHash": "mmnJNhKMeF2KhvVXDoVQlFxre8aJAo71YBJrKqFlvuqzYC2QiXUq94/GCDBJzU7paq4GqpkV2glw3308TcGibw=="
      },
      "Microsoft.NETFramework.ReferenceAssemblies.net452": {
        "type": "Transitive",
        "resolved": "1.0.3",
        "contentHash": "kuFOgilYbs29xENHlqQ6aJYa+t56u+OqHx85P7GYLVlo7HL3nsug9IQY2DoPgkOpZ2xb9btYV2EFK7Enll8S3A=="
      },
      "Microsoft.Owin": {
        "type": "Transitive",
        "resolved": "4.2.3",
        "contentHash": "uoOKm7Ouj06+ULS7Ss60tRM2E5t0ku7rQ7cJk864jArtE35WTJKMzUxgHxs7gdiqHZYnC3ddZSr9zj8yRjguEA==",
        "dependencies": {
          "Owin": "1.0.0"
        }
      },
      "Owin": {
        "type": "Transitive",
        "resolved": "1.0.0",
        "contentHash": "OseTFniKmyp76mEzOBwIKGBRS5eMoYNkMKaMXOpxx9jv88+b6mh1rSaw43vjBOItNhaLFG3d0a20PfHyibH5sw=="
      },
      "System.Threading.Tasks.Extensions": {
        "type": "Transitive",
        "resolved": "4.3.0",
        "contentHash": "npvJkVKl5rKXrtl1Kkm6OhOUaYGEiF9wFbppFRWSMoApKzt2PiPHT2Bb8a5sAWxprvdOAtvaARS9QYMznEUtug=="
      },
      "System.ValueTuple": {
        "type": "Transitive",
        "resolved": "4.4.0",
        "contentHash": "BahUww/+mdP4ARCAh2RQhQTg13wYLVrBb9SYVgW8ZlrwjraGCXHGjo0oIiUfZ34LUZkMMR+RAzR7dEY4S1HeQQ=="
      },
      "xunit.abstractions": {
        "type": "Transitive",
        "resolved": "2.0.2",
        "contentHash": "vItLB0WkaKg0426RgWq+ZdXH6D+YV/uH28C0weWMOBnVx7I+luHuEYss9hoOngpkiN5kUpLvh9VZRx1H2sk59A=="
      },
      "xunit.analyzers": {
        "type": "Transitive",
        "resolved": "0.10.0",
        "contentHash": "4/IDFCJfIeg6bix9apmUtIMwvOsiwqdEexeO/R2D4GReIGPLIRODTpId/l4LRSrAJk9lEO3Zx1H0Zx6uohJDNg=="
      },
      "xunit.assert": {
        "type": "Transitive",
        "resolved": "2.4.0",
        "contentHash": "Swvkm6iTjZr8TiUj5vMnmfG+2dD4s/BIBgsVOzTxxmoq2ndGsmM2WIL4wuqJ8RhxydWIDOPpIaaytjT2pMTEdg=="
      },
      "xunit.core": {
        "type": "Transitive",
        "resolved": "2.4.0",
        "contentHash": "BJ/O/tPEcHUCwQYuwqXoYccTMyw6B5dA6yh7WxWWBhKbjqTsG9RWL0nCQXM5yQYJwUuFzBkiXDPN1BO6UdBB4Q==",
        "dependencies": {
          "xunit.extensibility.core": "[2.4.0]",
          "xunit.extensibility.execution": "[2.4.0]"
        }
      },
      "xunit.extensibility.core": {
        "type": "Transitive",
        "resolved": "2.4.0",
        "contentHash": "qr/KrR6uukHXD9e/lLQjyCPfMEDuvvhNFDzsYzCF2kKlYKiqcADfUvA9Q68rBtKFtwHFeghjWEuv15KoGD2SfA==",
        "dependencies": {
          "xunit.abstractions": "2.0.2"
        }
      },
      "xunit.extensibility.execution": {
        "type": "Transitive",
        "resolved": "2.4.0",
        "contentHash": "252Dzn7i5bMPKtAL15aOP3qJhxKd+57I8ldwIQRJa745JxQuiBu5Da0vtIISVTtc3buRSkBwVnD9iUzsEmCzZA==",
        "dependencies": {
          "xunit.extensibility.core": "[2.4.0]"
        }
      },
      "hangfire.core": {
        "type": "Project",
        "dependencies": {
          "CronExpressionDescriptor": "[1.21.0, )",
          "Cronos": "[0.11.1, )",
          "Microsoft.Owin": "[4.2.3, )",
          "Newtonsoft.Json": "[5.0.1, )",
          "Owin": "[1.0.0, )"
        }
      },
      "hangfire.sqlserver": {
        "type": "Project",
        "dependencies": {
          "Dapper": "[1.60.6, )",
          "Hangfire.Core": "[1.0.0, )"
        }
      },
      "hangfire.sqlserver.msmq": {
        "type": "Project",
        "dependencies": {
          "Hangfire.Core": "[1.0.0, )",
          "Hangfire.SqlServer": "[1.0.0, )"
        }
      }
    }
  }
}