{
  "version": 1,
  "dependencies": {
    "Any,Version=v0.0": {
      "Hangfire.Build": {
        "type": "Direct",
        "requested": "[0.4.5, 0.4.5]",
        "resolved": "0.4.5",
        "contentHash": "hkOdAG0pLBpnXg8BfcNRTiw4cALmOREkY9q+gXeyNOYbMbu7o5aLHr3xCERCN8k85lobuUqLxahxrkURjq6GVg=="
      },
      "ILRepack": {
        "type": "Direct",
        "requested": "[2.0.27, 2.0.27]",
        "resolved": "2.0.27",
        "contentHash": "N5nhVwlgU2ipeonLBVuv1HpsIclJI/5QujuLeo3BW7irD2KnSFXkHa5FmXwzdCkB36D0XGOxNMxh99P7kjgU2A=="
      },
      "psake": {
        "type": "Direct",
        "requested": "[4.4.1, 4.4.1]",
        "resolved": "4.4.1",
        "contentHash": "Hn5kdGPEoapi+wAAjaGjKEZVnuYp7fUrPK3IivLYG6Bn4adhd8l+KXXPMEmte41RmrLvfV7XGZa9KsSTc0gjDA=="
      },
      "RazorGenerator.MsBuild": {
        "type": "Direct",
        "requested": "[2.5.0, 2.5.0]",
        "resolved": "2.5.0",
        "contentHash": "yOu2KEjDFvE20b+YK/+Ovf4czUHWH2DlBB9lIKDXdBjcMh3PXrPJTxPzi468XrFvE1dVEiWu+pGNkVFE9+VpMA=="
      }
    }
  }
}