{
  "version": 1,
  "dependencies": {
    "Any,Version=v0.0": {
      "Hangfire.Build": {
        "type": "Direct",
        "requested": "[0.4.0, 0.4.0]",
        "resolved": "0.4.0",
        "contentHash": "rU3NWGiurNYKKkLND8TAP4Dcfla+1NIUmkACqstAnIYgN19aGIeADme6Rx4g4cCU1tsMfEemuV8W2ItA8EMnkw=="
      },
      "ILRepack": {
        "type": "Direct",
        "requested": "[2.0.25, 2.0.25]",
        "resolved": "2.0.25",
        "contentHash": "7RM1El+8ljGEnha238E2SWpsUujq7bDhHtqXaUoU2sHq3xm4Gz14Wg5bIo2Y9s8XYoK5V/9vc1KavpgVjz6AkA=="
      },
      "psake": {
        "type": "Direct",
        "requested": "[4.4.1, 4.4.1]",
        "resolved": "4.4.1",
        "contentHash": "Hn5kdGPEoapi+wAAjaGjKEZVnuYp7fUrPK3IivLYG6Bn4adhd8l+KXXPMEmte41RmrLvfV7XGZa9KsSTc0gjDA=="
      },
      "RazorGenerator.MsBuild": {
        "type": "Direct",
        "requested": "[2.5.0, 2.5.0]",
        "resolved": "2.5.0",
        "contentHash": "yOu2KEjDFvE20b+YK/+Ovf4czUHWH2DlBB9lIKDXdBjcMh3PXrPJTxPzi468XrFvE1dVEiWu+pGNkVFE9+VpMA=="
      }
    }
  }
}