{
  "version": 1,
  "dependencies": {
    ".NETCoreApp,Version=v3.1": {
      "Microsoft.Extensions.Hosting": {
        "type": "Direct",
        "requested": "[3.1.8, )",
        "resolved": "3.1.8",
        "contentHash": "ZCDo4iX9hPV5PhHRU307rmWhXIMk6fjDUBjp+oYbbKTC21+Y6fMDW4ydXJITT8ozURI03zPuECMpM3z+5FaxHw==",
        "dependencies": {
          "Microsoft.Extensions.Configuration": "3.1.8",
          "Microsoft.Extensions.Configuration.CommandLine": "3.1.8",
          "Microsoft.Extensions.Configuration.EnvironmentVariables": "3.1.8",
          "Microsoft.Extensions.Configuration.UserSecrets": "3.1.8",
          "Microsoft.Extensions.DependencyInjection": "3.1.8",
          "Microsoft.Extensions.FileProviders.Physical": "3.1.8",
          "Microsoft.Extensions.Hosting.Abstractions": "3.1.8",
          "Microsoft.Extensions.Logging": "3.1.8",
          "Microsoft.Extensions.Logging.Console": "3.1.8",
          "Microsoft.Extensions.Logging.Debug": "3.1.8",
          "Microsoft.Extensions.Logging.EventLog": "3.1.8",
          "Microsoft.Extensions.Logging.EventSource": "3.1.8"
        }
      },
      "Microsoft.Extensions.Logging.Console": {
        "type": "Direct",
        "requested": "[3.1.8, )",
        "resolved": "3.1.8",
        "contentHash": "7JCZuqty78ZDwoXOGXGUXMC44rpocfeaa/48ONY7neKhCh2Oml/faW3PANPCdwy6M3TicmU03kIOhyrw3dQ2Eg==",
        "dependencies": {
          "Microsoft.Extensions.Configuration.Abstractions": "3.1.8",
          "Microsoft.Extensions.Logging": "3.1.8",
          "Microsoft.Extensions.Logging.Configuration": "3.1.8"
        }
      },
      "Newtonsoft.Json": {
        "type": "Direct",
        "requested": "[13.0.1, )",
        "resolved": "13.0.1",
        "contentHash": "ppPFpBcvxdsfUonNcvITKqLl3bqxWbDCZIzDWHzjpdAHRFfZe0Dw9HmA0+za13IdyrgJwpkDTDA9fHaxOrt20A=="
      },
      "Cronos": {
        "type": "Transitive",
        "resolved": "0.7.1",
        "contentHash": "aa2DY3qGBnwX7/jW4c17PyRlIeAtc5nYTlAPekc0113jcbBuz9vQkQaQ9NG+TNGlAj4esFxh8OuKUv4vmAODbw=="
      },
      "Dapper": {
        "type": "Transitive",
        "resolved": "2.0.4",
        "contentHash": "DrNPDqK3nR4RpwAPX2R0R34YhlT+k5Fbw7UnqxQ2aH+wSWvEIj+fCDXB8RJWgw6fGFZLavq7nuJ6J/eAqSrIpw==",
        "dependencies": {
          "System.Reflection.Emit.Lightweight": "4.3.0"
        }
      },
      "LibLog": {
        "type": "Transitive",
        "resolved": "1.5.0",
        "contentHash": "0bNoz50GPHYnS3fv/qTS2dFBeYgoppM1t//gWULGxY/TM5TNxxknUWqOqzE8eZgLIa2ENfIwzumvbeWFnx14rg=="
      },
      "Microsoft.CSharp": {
        "type": "Transitive",
        "resolved": "4.4.0",
        "contentHash": "vvVR/B08YVghQ4jHEloxqw2ZWzEGE1AOA5E0DioUM3ujbXz6FD3AfB/0Jl2ohJPd0nXYGwmPe1En6HTsSriq1A=="
      },
      "Microsoft.Extensions.Configuration": {
        "type": "Transitive",
        "resolved": "3.1.8",
        "contentHash": "xWvtu/ra8xDOy62ZXzQj1ElmmH3GpZBSKvw4LbfNXKCy+PaziS5Uh0gQ47D4H4w3u+PJfhNWCCGCp9ORNEzkRw==",
        "dependencies": {
          "Microsoft.Extensions.Configuration.Abstractions": "3.1.8"
        }
      },
      "Microsoft.Extensions.Configuration.Abstractions": {
        "type": "Transitive",
        "resolved": "3.1.8",
        "contentHash": "0qbNyxGpuNP/fuQ3FLHesm1Vn/83qYcAgVsi1UQCQN1peY4YH1uiizOh4xbYkQyxiVMD/c/zhiYYv94G0DXSSA==",
        "dependencies": {
          "Microsoft.Extensions.Primitives": "3.1.8"
        }
      },
      "Microsoft.Extensions.Configuration.Binder": {
        "type": "Transitive",
        "resolved": "3.1.8",
        "contentHash": "l/oqIWRM4YF62mlCOrIKGUOCemsaID/lngK2SZEtpYI8LrktpjPd4QzvENWj5GebbLbqOtsFhF6Ko6dgzmUnBw==",
        "dependencies": {
          "Microsoft.Extensions.Configuration": "3.1.8"
        }
      },
      "Microsoft.Extensions.Configuration.CommandLine": {
        "type": "Transitive",
        "resolved": "3.1.8",
        "contentHash": "2nA/MyQ+hDOZgWaayOC2toJyVxhcvLF1K0PYuWE01EhZdSJNw/VNl1FoT7DeS6AFoSljfFeyuJK4mOk1vxCrbA==",
        "dependencies": {
          "Microsoft.Extensions.Configuration": "3.1.8"
        }
      },
      "Microsoft.Extensions.Configuration.EnvironmentVariables": {
        "type": "Transitive",
        "resolved": "3.1.8",
        "contentHash": "dptPlBwoGPyxDzrauth1aoBTyjmVwxUmpOc0DMRkkIvMhYPyajhBwFyWAvRDfzt3BXJcxaAJLgWbcAVl+4OzqQ==",
        "dependencies": {
          "Microsoft.Extensions.Configuration": "3.1.8"
        }
      },
      "Microsoft.Extensions.Configuration.FileExtensions": {
        "type": "Transitive",
        "resolved": "3.1.8",
        "contentHash": "kNiruN3duAuhk8et5EmDiPdrxMY4Bk+LMGPreuum9q5R9TUJpSVlB5vS+9rHRZL1DWzhytz+0GfdnI3yCNp/KA==",
        "dependencies": {
          "Microsoft.Extensions.Configuration": "3.1.8",
          "Microsoft.Extensions.FileProviders.Physical": "3.1.8"
        }
      },
      "Microsoft.Extensions.Configuration.Json": {
        "type": "Transitive",
        "resolved": "3.1.8",
        "contentHash": "YkPzhLuPXoxl+QmbZFHtMOt9efb3sUAlcRtCzUapkeOkFsgqYIC43D9WKYtYStfC3a844ThNlxInoJwASP/HLA==",
        "dependencies": {
          "Microsoft.Extensions.Configuration": "3.1.8",
          "Microsoft.Extensions.Configuration.FileExtensions": "3.1.8"
        }
      },
      "Microsoft.Extensions.Configuration.UserSecrets": {
        "type": "Transitive",
        "resolved": "3.1.8",
        "contentHash": "LXzgE4nW0QJ845o43a0IYTaQ20K0wZf79vGmc+TiPslO6LgEdwp5t6UCwV4vV2rWsMX3u8uOAnAW2YD750cXzA==",
        "dependencies": {
          "Microsoft.Extensions.Configuration.Json": "3.1.8"
        }
      },
      "Microsoft.Extensions.DependencyInjection": {
        "type": "Transitive",
        "resolved": "3.1.8",
        "contentHash": "tUpYcVxFqwh8wVD8O+6A8gJnVtl6L4N1Vd9bLJgQSJ0gjBTUQ/eKwJn0LglkkaDU7GAxODDv4eexgZn3QSE0NQ==",
        "dependencies": {
          "Microsoft.Extensions.DependencyInjection.Abstractions": "3.1.8"
        }
      },
      "Microsoft.Extensions.DependencyInjection.Abstractions": {
        "type": "Transitive",
        "resolved": "3.1.8",
        "contentHash": "YP0kEBkSLTVl3znqZEux+xyJpz5iVNwFZf0OPS7nupdKbojSlO7Fa+JuQjLYpWfpAshaMcznu27tjWzfXRJnOA=="
      },
      "Microsoft.Extensions.FileProviders.Abstractions": {
        "type": "Transitive",
        "resolved": "3.1.8",
        "contentHash": "U7ffyzrPfRDH5K3h/mBpqJVoHbppw1kc1KyHZcZeDR7b1A0FRaqMSiizGpN9IGwWs9BuN7oXIKFyviuSGBjHtQ==",
        "dependencies": {
          "Microsoft.Extensions.Primitives": "3.1.8"
        }
      },
      "Microsoft.Extensions.FileProviders.Physical": {
        "type": "Transitive",
        "resolved": "3.1.8",
        "contentHash": "C75r2Xos93s0cAFFihJjyUui7wXaTQjvbqxDhJnpGkAS2Iqw5LBzIida5qz0qgI7IrAfWoOHxKHD3o83YdGA7w==",
        "dependencies": {
          "Microsoft.Extensions.FileProviders.Abstractions": "3.1.8",
          "Microsoft.Extensions.FileSystemGlobbing": "3.1.8"
        }
      },
      "Microsoft.Extensions.FileSystemGlobbing": {
        "type": "Transitive",
        "resolved": "3.1.8",
        "contentHash": "WkVBJy0bgkvegB11KT6Jc1xZEnd4qwowZsjsASx2y0AaulSkBHydGUqpEGkYgtIIQdvIvf2QeoEHM/K0JDCIrA=="
      },
      "Microsoft.Extensions.Hosting.Abstractions": {
        "type": "Transitive",
        "resolved": "3.1.8",
        "contentHash": "7ZJUKwPipkDvuv2KJPZ3r01wp2AWNMiYH+61i0dL89F7QICknjKpWgLKLpTSUYFgl77S3b4264I6i4HzDdrb2A==",
        "dependencies": {
          "Microsoft.Extensions.Configuration.Abstractions": "3.1.8",
          "Microsoft.Extensions.DependencyInjection.Abstractions": "3.1.8",
          "Microsoft.Extensions.FileProviders.Abstractions": "3.1.8",
          "Microsoft.Extensions.Logging.Abstractions": "3.1.8"
        }
      },
      "Microsoft.Extensions.Logging": {
        "type": "Transitive",
        "resolved": "3.1.8",
        "contentHash": "Bch88WGwrgJUabSOiTbPgne/jkCcWTyP97db8GWzQH9RcGi6TThiRm8ggsD+OXBW2UBwAYx1Zb1ns1elsMiomQ==",
        "dependencies": {
          "Microsoft.Extensions.Configuration.Binder": "3.1.8",
          "Microsoft.Extensions.DependencyInjection": "3.1.8",
          "Microsoft.Extensions.Logging.Abstractions": "3.1.8",
          "Microsoft.Extensions.Options": "3.1.8"
        }
      },
      "Microsoft.Extensions.Logging.Abstractions": {
        "type": "Transitive",
        "resolved": "3.1.8",
        "contentHash": "LxQPR/KE4P9nx304VcFipWPcW8ZOZOGHuiYlG0ncAQJItogDzR9nyYUNvziLObx2MfX2Z9iCTdAqEtoImaQOYg=="
      },
      "Microsoft.Extensions.Logging.Configuration": {
        "type": "Transitive",
        "resolved": "3.1.8",
        "contentHash": "tfvQYDDwc3ni8VTXQavINMHRUIsM8fQ8gBQTs98mt1QFE3YIVm8XzhqPZMBBlLnXTESymb8HctM2fMnU8qC8Rg==",
        "dependencies": {
          "Microsoft.Extensions.Logging": "3.1.8",
          "Microsoft.Extensions.Options.ConfigurationExtensions": "3.1.8"
        }
      },
      "Microsoft.Extensions.Logging.Debug": {
        "type": "Transitive",
        "resolved": "3.1.8",
        "contentHash": "/ktTfbzPjNobJpTVcs+olbPsHqGEt2bENkMDc6ipF5twp+CYbZZz2TeGjhMkAdKdRbjKKNeOwy4pR6JvCf3PrQ==",
        "dependencies": {
          "Microsoft.Extensions.Logging": "3.1.8"
        }
      },
      "Microsoft.Extensions.Logging.EventLog": {
        "type": "Transitive",
        "resolved": "3.1.8",
        "contentHash": "UvrktQQM7SEZnZx6/rfz9ZiJxWn+bdU+2Q1PdGZ10JBjC1iu1HxpRRWRhxVY1Li8B442Bb/OVm/kaooZXv1CJQ==",
        "dependencies": {
          "Microsoft.Extensions.Logging": "3.1.8",
          "System.Diagnostics.EventLog": "4.7.0"
        }
      },
      "Microsoft.Extensions.Logging.EventSource": {
        "type": "Transitive",
        "resolved": "3.1.8",
        "contentHash": "bw839hk2X5vJAoW5vs0nTBX3rT1bjRtS8jO05+RlD/T6w08pblIB0jNp8jdvGOe3tzNmA1dEEEjNXdeI9lMqHQ==",
        "dependencies": {
          "Microsoft.Extensions.Logging": "3.1.8"
        }
      },
      "Microsoft.Extensions.Options": {
        "type": "Transitive",
        "resolved": "3.1.8",
        "contentHash": "mpkwjNg5sr1XHEJwVS8G1w6dsh5/72vQOOe4aqhg012j93m8OOmfyIBwoQN4SE0KRRS+fatdW3qqUrHbRwlWOA==",
        "dependencies": {
          "Microsoft.Extensions.DependencyInjection.Abstractions": "3.1.8",
          "Microsoft.Extensions.Primitives": "3.1.8"
        }
      },
      "Microsoft.Extensions.Options.ConfigurationExtensions": {
        "type": "Transitive",
        "resolved": "3.1.8",
        "contentHash": "/q7OhcsgDq6cPqg03nv55QqLt8o/OAvrVkd/w6h0YNasZ4C/Lxpx6I0DsnIH0MB5ORnqCyhmeyv1hFqOeehJng==",
        "dependencies": {
          "Microsoft.Extensions.Configuration.Abstractions": "3.1.8",
          "Microsoft.Extensions.Configuration.Binder": "3.1.8",
          "Microsoft.Extensions.DependencyInjection.Abstractions": "3.1.8",
          "Microsoft.Extensions.Options": "3.1.8"
        }
      },
      "Microsoft.Extensions.Primitives": {
        "type": "Transitive",
        "resolved": "3.1.8",
        "contentHash": "XcIoXQhT0kwnEhOKv/LmpWR6yF6QWmBTy9Fcsz4aHuCOgTJ7Zd23ELtUA4BfwlYoFlSedavS+vURz9tNekd44g=="
      },
      "Microsoft.NETCore.Platforms": {
        "type": "Transitive",
        "resolved": "3.1.0",
        "contentHash": "z7aeg8oHln2CuNulfhiLYxCVMPEwBl3rzicjvIX+4sUuCwvXw5oXQEtbiU2c0z4qYL5L3Kmx0mMA/+t/SbY67w=="
      },
      "Microsoft.NETCore.Targets": {
        "type": "Transitive",
        "resolved": "1.1.0",
        "contentHash": "aOZA3BWfz9RXjpzt0sRJJMjAscAUm3Hoa4UWAfceV9UTYxgwZ1lZt5nO2myFf+/jetYQo4uTP7zS8sJY67BBxg=="
      },
      "Microsoft.Win32.Registry": {
        "type": "Transitive",
        "resolved": "4.7.0",
        "contentHash": "KSrRMb5vNi0CWSGG1++id2ZOs/1QhRqROt+qgbEAdQuGjGrFcl4AOl4/exGPUYz2wUnU42nvJqon1T3U0kPXLA==",
        "dependencies": {
          "System.Security.AccessControl": "4.7.0",
          "System.Security.Principal.Windows": "4.7.0"
        }
      },
      "MoreLinq.Source.MoreEnumerable.Pairwise": {
        "type": "Transitive",
        "resolved": "1.0.1",
        "contentHash": "N1bmYqxItSwixZ72KJ/V4e3mEnIO5AtMcmjtilqe+Ulp4GpSje9DP+1Cv4j01s3uG4h7P4G1axUEODL1yWB5Og=="
      },
      "runtime.native.System.Data.SqlClient.sni": {
        "type": "Transitive",
        "resolved": "4.4.0",
        "contentHash": "A8v6PGmk+UGbfWo5Ixup0lPM4swuSwOiayJExZwKIOjTlFFQIsu3QnDXECosBEyrWSPryxBVrdqtJyhK3BaupQ==",
        "dependencies": {
          "runtime.win-arm64.runtime.native.System.Data.SqlClient.sni": "4.4.0",
          "runtime.win-x64.runtime.native.System.Data.SqlClient.sni": "4.4.0",
          "runtime.win-x86.runtime.native.System.Data.SqlClient.sni": "4.4.0"
        }
      },
      "runtime.win-arm64.runtime.native.System.Data.SqlClient.sni": {
        "type": "Transitive",
        "resolved": "4.4.0",
        "contentHash": "LbrynESTp3bm5O/+jGL8v0Qg5SJlTV08lpIpFesXjF6uGNMWqFnUQbYBJwZTeua6E/Y7FIM1C54Ey1btLWupdg=="
      },
      "runtime.win-x64.runtime.native.System.Data.SqlClient.sni": {
        "type": "Transitive",
        "resolved": "4.4.0",
        "contentHash": "38ugOfkYJqJoX9g6EYRlZB5U2ZJH51UP8ptxZgdpS07FgOEToV+lS11ouNK2PM12Pr6X/PpT5jK82G3DwH/SxQ=="
      },
      "runtime.win-x86.runtime.native.System.Data.SqlClient.sni": {
        "type": "Transitive",
        "resolved": "4.4.0",
        "contentHash": "YhEdSQUsTx+C8m8Bw7ar5/VesXvCFMItyZF7G1AUY+OM0VPZUOeAVpJ4Wl6fydBGUYZxojTDR3I6Bj/+BPkJNA=="
      },
      "StackTraceFormatter.Source": {
        "type": "Transitive",
        "resolved": "1.1.0",
        "contentHash": "69Zxg50Sm1kq9hvxPgEo0w9li8oiD2qVT87GGsqXJP2vfYs33LVKGHRMSP2Z4iTP3UC0PJTeurCeWY2t7X/76Q==",
        "dependencies": {
          "MoreLinq.Source.MoreEnumerable.Pairwise": "[1.0.1, 2.0.0)",
          "StackTraceParser.Source": "[1.2.0, 2.0.0)"
        }
      },
      "StackTraceParser.Source": {
        "type": "Transitive",
        "resolved": "1.3.0",
        "contentHash": "tOdf1XpHE2YQJpBERplZA2kMTJQtJnKzSc7GMO/yeNNGuXNueVqySfIr/gfU1vx9k2FO8u0zD4mtnZGwKQM+Zg=="
      },
      "System.Data.SqlClient": {
        "type": "Transitive",
        "resolved": "4.4.0",
        "contentHash": "fxb9ghn1k1Ua7FFdlvtiBOD4/PsQvD/fk2KnhS+FK7VC6OggEx6P+lP1P0+KMb5V2dqS1+FbR7HCenoqzJMNIA==",
        "dependencies": {
          "Microsoft.Win32.Registry": "4.4.0",
          "System.Security.Principal.Windows": "4.4.0",
          "System.Text.Encoding.CodePages": "4.4.0",
          "runtime.native.System.Data.SqlClient.sni": "4.4.0"
        }
      },
      "System.Diagnostics.EventLog": {
        "type": "Transitive",
        "resolved": "4.7.0",
        "contentHash": "iDoKGQcRwX0qwY+eAEkaJGae0d/lHlxtslO+t8pJWAUxlvY3tqLtVOPnW2UU4cFjP0Y/L1QBqhkZfSyGqVMR2w==",
        "dependencies": {
          "Microsoft.NETCore.Platforms": "3.1.0",
          "Microsoft.Win32.Registry": "4.7.0",
          "System.Security.Principal.Windows": "4.7.0"
        }
      },
      "System.IO": {
        "type": "Transitive",
        "resolved": "4.3.0",
        "contentHash": "3qjaHvxQPDpSOYICjUoTsmoq5u6QJAFRUITgeT/4gqkF1bajbSmb1kwSxEA8AHlofqgcKJcM8udgieRNhaJ5Cg==",
        "dependencies": {
          "Microsoft.NETCore.Platforms": "1.1.0",
          "Microsoft.NETCore.Targets": "1.1.0",
          "System.Runtime": "4.3.0",
          "System.Text.Encoding": "4.3.0",
          "System.Threading.Tasks": "4.3.0"
        }
      },
      "System.Reflection": {
        "type": "Transitive",
        "resolved": "4.3.0",
        "contentHash": "KMiAFoW7MfJGa9nDFNcfu+FpEdiHpWgTcS2HdMpDvt9saK3y/G4GwprPyzqjFH9NTaGPQeWNHU+iDlDILj96aQ==",
        "dependencies": {
          "Microsoft.NETCore.Platforms": "1.1.0",
          "Microsoft.NETCore.Targets": "1.1.0",
          "System.IO": "4.3.0",
          "System.Reflection.Primitives": "4.3.0",
          "System.Runtime": "4.3.0"
        }
      },
      "System.Reflection.Emit.ILGeneration": {
        "type": "Transitive",
        "resolved": "4.3.0",
        "contentHash": "59tBslAk9733NXLrUJrwNZEzbMAcu8k344OYo+wfSVygcgZ9lgBdGIzH/nrg3LYhXceynyvTc8t5/GD4Ri0/ng==",
        "dependencies": {
          "System.Reflection": "4.3.0",
          "System.Reflection.Primitives": "4.3.0",
          "System.Runtime": "4.3.0"
        }
      },
      "System.Reflection.Emit.Lightweight": {
        "type": "Transitive",
        "resolved": "4.3.0",
        "contentHash": "oadVHGSMsTmZsAF864QYN1t1QzZjIcuKU3l2S9cZOwDdDueNTrqq1yRj7koFfIGEnKpt6NjpL3rOzRhs4ryOgA==",
        "dependencies": {
          "System.Reflection": "4.3.0",
          "System.Reflection.Emit.ILGeneration": "4.3.0",
          "System.Reflection.Primitives": "4.3.0",
          "System.Runtime": "4.3.0"
        }
      },
      "System.Reflection.Primitives": {
        "type": "Transitive",
        "resolved": "4.3.0",
        "contentHash": "5RXItQz5As4xN2/YUDxdpsEkMhvw3e6aNveFXUn4Hl/udNTCNhnKp8lT9fnc3MhvGKh1baak5CovpuQUXHAlIA==",
        "dependencies": {
          "Microsoft.NETCore.Platforms": "1.1.0",
          "Microsoft.NETCore.Targets": "1.1.0",
          "System.Runtime": "4.3.0"
        }
      },
      "System.Runtime": {
        "type": "Transitive",
        "resolved": "4.3.0",
        "contentHash": "JufQi0vPQ0xGnAczR13AUFglDyVYt4Kqnz1AZaiKZ5+GICq0/1MH/mO/eAJHt/mHW1zjKBJd7kV26SrxddAhiw==",
        "dependencies": {
          "Microsoft.NETCore.Platforms": "1.1.0",
          "Microsoft.NETCore.Targets": "1.1.0"
        }
      },
      "System.Security.AccessControl": {
        "type": "Transitive",
        "resolved": "4.7.0",
        "contentHash": "JECvTt5aFF3WT3gHpfofL2MNNP6v84sxtXxpqhLBCcDRzqsPBmHhQ6shv4DwwN2tRlzsUxtb3G9M3763rbXKDg==",
        "dependencies": {
          "Microsoft.NETCore.Platforms": "3.1.0",
          "System.Security.Principal.Windows": "4.7.0"
        }
      },
      "System.Security.Principal.Windows": {
        "type": "Transitive",
        "resolved": "4.7.0",
        "contentHash": "ojD0PX0XhneCsUbAZVKdb7h/70vyYMDYs85lwEI+LngEONe/17A0cFaRFqZU+sOEidcVswYWikYOQ9PPfjlbtQ=="
      },
      "System.Text.Encoding": {
        "type": "Transitive",
        "resolved": "4.3.0",
        "contentHash": "BiIg+KWaSDOITze6jGQynxg64naAPtqGHBwDrLaCtixsa5bKiR8dpPOHA7ge3C0JJQizJE+sfkz1wV+BAKAYZw==",
        "dependencies": {
          "Microsoft.NETCore.Platforms": "1.1.0",
          "Microsoft.NETCore.Targets": "1.1.0",
          "System.Runtime": "4.3.0"
        }
      },
      "System.Text.Encoding.CodePages": {
        "type": "Transitive",
        "resolved": "4.4.0",
        "contentHash": "6JX7ZdaceBiLKLkYt8zJcp4xTJd1uYyXXEkPw6mnlUIjh1gZPIVKPtRXPmY5kLf6DwZmf5YLwR3QUrRonl7l0A==",
        "dependencies": {
          "Microsoft.NETCore.Platforms": "2.0.0"
        }
      },
      "System.Threading.Tasks": {
        "type": "Transitive",
        "resolved": "4.3.0",
        "contentHash": "LbSxKEdOUhVe8BezB/9uOGGppt+nZf6e1VFyw6v3DN6lqitm0OSn2uXMOdtP0M3W4iMcqcivm2J6UgqiwwnXiA==",
        "dependencies": {
          "Microsoft.NETCore.Platforms": "1.1.0",
          "Microsoft.NETCore.Targets": "1.1.0",
          "System.Runtime": "4.3.0"
        }
      },
      "hangfire.aspnetcore": {
        "type": "Project",
        "dependencies": {
          "Hangfire.Core": "[1.0.0, )"
        }
      },
      "hangfire.core": {
        "type": "Project",
        "dependencies": {
          "Cronos": "[0.7.1, )",
          "LibLog": "[1.5.0, )",
          "Microsoft.CSharp": "[4.4.0, )",
          "MoreLinq.Source.MoreEnumerable.Pairwise": "[1.0.1, )",
          "Newtonsoft.Json": "[11.0.1, )",
          "StackTraceFormatter.Source": "[1.1.0, )",
          "StackTraceParser.Source": "[1.3.0, )"
        }
      },
      "hangfire.sqlserver": {
        "type": "Project",
        "dependencies": {
          "Dapper": "[2.0.4, )",
          "Hangfire.Core": "[1.0.0, )",
          "System.Data.SqlClient": "[4.4.0, )"
        }
      }
    }
  }
}